<?xml version="1.0" encoding="utf-8"?>
<Project ToolsVersion="4.0" xmlns="http://schemas.microsoft.com/developer/msbuild/2003">
  <ItemGroup>
    <Filter Include="Source Files">
      <UniqueIdentifier>{4FC737F1-C7A5-4376-A066-2A32D752A2FF}</UniqueIdentifier>
      <Extensions>cpp;c;cc;cxx;def;odl;idl;hpj;bat;asm;asmx</Extensions>
    </Filter>
    <Filter Include="Header Files">
      <UniqueIdentifier>{93995380-89BD-4b04-88EB-625FBE52EBFB}</UniqueIdentifier>
      <Extensions>h;hh;hpp;hxx;hm;inl;inc;ipp;xsd</Extensions>
    </Filter>
    <Filter Include="Resource Files">
      <UniqueIdentifier>{67DA6AB6-F800-4c08-8B7A-83BB121AAD01}</UniqueIdentifier>
      <Extensions>rc;ico;cur;bmp;dlg;rc2;rct;bin;rgs;gif;jpg;jpeg;jpe;resx;tiff;tif;png;wav;mfcribbon-ms</Extensions>
    </Filter>
    <Filter Include="Header Files\src">
      <UniqueIdentifier>{3afb88e0-0146-40a6-8156-72c97fed4d2c}</UniqueIdentifier>
    </Filter>
    <Filter Include="Header Files\test">
      <UniqueIdentifier>{a8b1c9d3-296e-4ac2-a1d7-29323abb15ae}</UniqueIdentifier>
    </Filter>
    <Filter Include="Source Files\src">
      <UniqueIdentifier>{8d407fd5-7312-4c39-b64e-be2d906dfe5b}</UniqueIdentifier>
    </Filter>
    <Filter Include="Source Files\test">
      <UniqueIdentifier>{da94a648-6997-47e0-9eca-3cd6621081df}</UniqueIdentifier>
    </Filter>
  </ItemGroup>
  <ItemGroup>
    <ClInclude Include="src\Matrix.h">
      <Filter>Header Files\src</Filter>
    </ClInclude>
    <ClInclude Include="test\DSTLAssertions.h">
      <Filter>Header Files\test</Filter>
    </ClInclude>
    <ClInclude Include="test\MatrixConstructorTest.h">
      <Filter>Header Files\test</Filter>
    </ClInclude>
    <ClInclude Include="src\MatrixExceptions.h">
      <Filter>Header Files\src</Filter>
    </ClInclude>
    <ClInclude Include="src\MatrixRow.h">
      <Filter>Header Files\src</Filter>
    </ClInclude>
    <ClInclude Include="test\MatrixAssignmentOperatorTest.h">
      <Filter>Header Files\test</Filter>
    </ClInclude>
    <ClInclude Include="test\MatrixIndexingOperatorTest.h">
      <Filter>Header Files\test</Filter>
    </ClInclude>
    <ClInclude Include="test\StructuresForTests.h">
      <Filter>Header Files\test</Filter>
    </ClInclude>
    <ClInclude Include="src\Utils.h">
      <Filter>Header Files\src</Filter>
    </ClInclude>
    <ClInclude Include="src\MatrixWritter.h">
      <Filter>Header Files\src</Filter>
    </ClInclude>
    <ClInclude Include="src\MatrixReader.h">
      <Filter>Header Files\src</Filter>
    </ClInclude>
    <ClInclude Include="src\MatrixSerializationBase.h">
      <Filter>Header Files\src</Filter>
    </ClInclude>
    <ClInclude Include="test\MatrixReaderTest.h">
      <Filter>Header Files\test</Filter>
    </ClInclude>
    <ClInclude Include="test\UtilsForTests.h">
      <Filter>Header Files\test</Filter>
    </ClInclude>
    <ClInclude Include="test\MatrixWritterTest.h">
      <Filter>Header Files\test</Filter>
    </ClInclude>
    <ClInclude Include="src\MatrixMultiplierBase.h">
      <Filter>Header Files\src</Filter>
    </ClInclude>
    <ClInclude Include="test\MatrixMultiplierBaseTest.h">
      <Filter>Header Files\test</Filter>
    </ClInclude>
    <ClInclude Include="src\SerialMultiplier.h">
      <Filter>Header Files\src</Filter>
    </ClInclude>
    <ClInclude Include="src\ParallelForMultiplier.h">
      <Filter>Header Files\src</Filter>
    </ClInclude>
    <ClInclude Include="src\ParallelTaskPerElementMultiplier.h">
      <Filter>Header Files\src</Filter>
    </ClInclude>
    <ClInclude Include="src\ParallelTaskPerRowMultiplier.h">
      <Filter>Header Files\src</Filter>
    </ClInclude>
    <ClInclude Include="src\ParallelTaskMultiplierBase.h">
      <Filter>Header Files\src</Filter>
    </ClInclude>
    <ClInclude Include="src\Structures.h">
      <Filter>Header Files\src</Filter>
    </ClInclude>
  </ItemGroup>
  <ItemGroup>
    <ClCompile Include="src\main.cpp">
      <Filter>Source Files\src</Filter>
    </ClCompile>
    <ClCompile Include="src\Matrix.cpp">
      <Filter>Source Files\src</Filter>
    </ClCompile>
    <ClCompile Include="test\ProfilingTest.cpp">
      <Filter>Source Files\test</Filter>
    </ClCompile>
    <ClCompile Include="test\MatrixConstructorTest.cpp">
      <Filter>Source Files\test</Filter>
    </ClCompile>
    <ClCompile Include="test\DSTLAssertions.cpp">
      <Filter>Source Files\test</Filter>
    </ClCompile>
    <ClCompile Include="src\MatrixExceptions.cpp">
      <Filter>Source Files\src</Filter>
    </ClCompile>
    <ClCompile Include="src\MatrixRow.cpp">
      <Filter>Source Files\src</Filter>
    </ClCompile>
    <ClCompile Include="test\MatrixAssignmentOperatorTest.cpp">
      <Filter>Source Files\test</Filter>
    </ClCompile>
    <ClCompile Include="test\MatrixIndexingOperatorTest.cpp">
      <Filter>Source Files\test</Filter>
    </ClCompile>
    <ClCompile Include="test\StructuresForTests.cpp">
      <Filter>Source Files\test</Filter>
    </ClCompile>
    <ClCompile Include="src\Utils.cpp">
      <Filter>Source Files\src</Filter>
    </ClCompile>
    <ClCompile Include="src\MatrixWritter.cpp">
      <Filter>Source Files\src</Filter>
    </ClCompile>
    <ClCompile Include="src\MatrixReader.cpp">
      <Filter>Source Files\src</Filter>
    </ClCompile>
    <ClCompile Include="src\MatrixSerializationBase.cpp">
      <Filter>Source Files\src</Filter>
    </ClCompile>
    <ClCompile Include="test\MatrixReaderTest.cpp">
      <Filter>Source Files\test</Filter>
    </ClCompile>
    <ClCompile Include="test\UtilsForTests.cpp">
      <Filter>Source Files\test</Filter>
    </ClCompile>
    <ClCompile Include="test\MatrixWritterTest.cpp">
      <Filter>Source Files\test</Filter>
    </ClCompile>
    <ClCompile Include="src\MatrixMultiplierBase.cpp">
      <Filter>Source Files\src</Filter>
    </ClCompile>
    <ClCompile Include="test\MatrixMultiplierBaseTest.cpp">
      <Filter>Source Files\test</Filter>
    </ClCompile>
    <ClCompile Include="src\SerialMultiplier.cpp">
      <Filter>Source Files\src</Filter>
    </ClCompile>
    <ClCompile Include="src\ParallelForMultiplier.cpp">
      <Filter>Source Files\src</Filter>
    </ClCompile>
    <ClCompile Include="src\ParallelTaskMultiplierBase.cpp">
      <Filter>Source Files\src</Filter>
    </ClCompile>
    <ClCompile Include="src\ParallelTaskPerElementMultiplier.cpp">
      <Filter>Source Files\src</Filter>
    </ClCompile>
    <ClCompile Include="src\ParallelTaskPerRowMultiplier.cpp">
      <Filter>Source Files\src</Filter>
    </ClCompile>
    <ClCompile Include="src\Structures.cpp">
      <Filter>Source Files\src</Filter>
    </ClCompile>
  </ItemGroup>
</Project>