
Microsoft Visual Studio Solution File, Format Version 12.00
# Visual Studio Version 16
VisualStudioVersion = 16.0.29806.167
MinimumVisualStudioVersion = 10.0.40219.1
Project("{8BC9CEB8-8B4A-11D0-8D11-00A0C91BC942}") = "MnozenjeMatrica", "MnozenjeMatrica\MnozenjeMatrica.vcxproj", "{46D2A3C4-05C6-4097-A1B1-7CFF775C07B2}"
EndProject
Project("{8BC9CEB8-8B4A-11D0-8D11-00A0C91BC942}") = "Profiling", "Profiling\Profiling.vcxproj", "{6EC35B0E-BEB0-4115-AE2E-59A11540186E}"
EndProject
Global
	GlobalSection(SolutionConfigurationPlatforms) = preSolution
		Debug|x64 = Debug|x64
		Debug|x86 = Debug|x86
		Release|x64 = Release|x64
		Release|x86 = Release|x86
	EndGlobalSection
	GlobalSection(ProjectConfigurationPlatforms) = postSolution
		{46D2A3C4-05C6-4097-A1B1-7CFF775C07B2}.Debug|x64.ActiveCfg = Debug|x64
		{46D2A3C4-05C6-4097-A1B1-7CFF775C07B2}.Debug|x64.Build.0 = Debug|x64
		{46D2A3C4-05C6-4097-A1B1-7CFF775C07B2}.Debug|x86.ActiveCfg = Debug|Win32
		{46D2A3C4-05C6-4097-A1B1-7CFF775C07B2}.Debug|x86.Build.0 = Debug|Win32
		{46D2A3C4-05C6-4097-A1B1-7CFF775C07B2}.Release|x64.ActiveCfg = Release|x64
		{46D2A3C4-05C6-4097-A1B1-7CFF775C07B2}.Release|x64.Build.0 = Release|x64
		{46D2A3C4-05C6-4097-A1B1-7CFF775C07B2}.Release|x86.ActiveCfg = Release|Win32
		{46D2A3C4-05C6-4097-A1B1-7CFF775C07B2}.Release|x86.Build.0 = Release|Win32
		{6EC35B0E-BEB0-4115-AE2E-59A11540186E}.Debug|x64.ActiveCfg = Debug|x64
		{6EC35B0E-BEB0-4115-AE2E-59A11540186E}.Debug|x64.Build.0 = Debug|x64
		{6EC35B0E-BEB0-4115-AE2E-59A11540186E}.Debug|x86.ActiveCfg = Debug|Win32
		{6EC35B0E-BEB0-4115-AE2E-59A11540186E}.Debug|x86.Build.0 = Debug|Win32
		{6EC35B0E-BEB0-4115-AE2E-59A11540186E}.Release|x64.ActiveCfg = Release|x64
		{6EC35B0E-BEB0-4115-AE2E-59A11540186E}.Release|x64.Build.0 = Release|x64
		{6EC35B0E-BEB0-4115-AE2E-59A11540186E}.Release|x86.ActiveCfg = Release|Win32
		{6EC35B0E-BEB0-4115-AE2E-59A11540186E}.Release|x86.Build.0 = Release|Win32
	EndGlobalSection
	GlobalSection(SolutionProperties) = preSolution
		HideSolutionNode = FALSE
	EndGlobalSection
	GlobalSection(ExtensibilityGlobals) = postSolution
		SolutionGuid = {774B022D-C6C1-4507-A756-105B4DB2CD63}
	EndGlobalSection
EndGlobal
